
Microsoft Visual Studio Solution File, Format Version 12.00
# Visual Studio Version 17
VisualStudioVersion = 17.0.31903.59
MinimumVisualStudioVersion = 10.0.40219.1
Project("{FAE04EC0-301F-11D3-BF4B-00C04F79EFBC}") = "Core", "Core\Core.csproj", "{FA977E4F-C9FD-4D3E-A932-FFD673A5382E}"
EndProject
Project("{FAE04EC0-301F-11D3-BF4B-00C04F79EFBC}") = "Parser", "Parser\Parser.csproj", "{9F199677-45D6-4426-A080-3DB3E66C7204}"
EndProject
Project("{FAE04EC0-301F-11D3-BF4B-00C04F79EFBC}") = "App", "App\App.csproj", "{932437D4-07E6-4FE0-8934-A20B7EC7F83D}"
EndProject
Global
	GlobalSection(SolutionConfigurationPlatforms) = preSolution
		Debug|Any CPU = Debug|Any CPU
		Release|Any CPU = Release|Any CPU
	EndGlobalSection
	GlobalSection(SolutionProperties) = preSolution
		HideSolutionNode = FALSE
	EndGlobalSection
	GlobalSection(ProjectConfigurationPlatforms) = postSolution
		{FA977E4F-C9FD-4D3E-A932-FFD673A5382E}.Debug|Any CPU.ActiveCfg = Debug|Any CPU
		{FA977E4F-C9FD-4D3E-A932-FFD673A5382E}.Debug|Any CPU.Build.0 = Debug|Any CPU
		{FA977E4F-C9FD-4D3E-A932-FFD673A5382E}.Release|Any CPU.ActiveCfg = Release|Any CPU
		{FA977E4F-C9FD-4D3E-A932-FFD673A5382E}.Release|Any CPU.Build.0 = Release|Any CPU
		{9F199677-45D6-4426-A080-3DB3E66C7204}.Debug|Any CPU.ActiveCfg = Debug|Any CPU
		{9F199677-45D6-4426-A080-3DB3E66C7204}.Debug|Any CPU.Build.0 = Debug|Any CPU
		{9F199677-45D6-4426-A080-3DB3E66C7204}.Release|Any CPU.ActiveCfg = Release|Any CPU
		{9F199677-45D6-4426-A080-3DB3E66C7204}.Release|Any CPU.Build.0 = Release|Any CPU
		{932437D4-07E6-4FE0-8934-A20B7EC7F83D}.Debug|Any CPU.ActiveCfg = Debug|Any CPU
		{932437D4-07E6-4FE0-8934-A20B7EC7F83D}.Debug|Any CPU.Build.0 = Debug|Any CPU
		{932437D4-07E6-4FE0-8934-A20B7EC7F83D}.Release|Any CPU.ActiveCfg = Release|Any CPU
		{932437D4-07E6-4FE0-8934-A20B7EC7F83D}.Release|Any CPU.Build.0 = Release|Any CPU
	EndGlobalSection
EndGlobal
